PODS:
  - ACPButton (1.0.0)
  - LXReorderableCollectionViewFlowLayout (0.1.1)
  - NHBalancedFlowLayout (0.1.2)
  - REFrostedViewController (2.4.2)

DEPENDENCIES:
  - ACPButton
  - LXReorderableCollectionViewFlowLayout (~> 0.1.1)
  - NHBalancedFlowLayout (~> 0.1.2)
  - REFrostedViewController (~> 2.4.2)

SPEC CHECKSUMS:
  ACPButton: 187740a84eb54740075178a3125403164c6473df
  LXReorderableCollectionViewFlowLayout: 7476503803af6badf13fb6164953880396726cb3
  NHBalancedFlowLayout: 95f1d7bffadc73bead84b63e7e4c37aa52975f7a
  REFrostedViewController: 87207eece6eda9c888c68d5e1b60b6bde4797142

COCOAPODS: 0.29.0
